{
  "nodes": {
    "nixpkgs": {
      "locked": {
        "lastModified": 1732101643,
        "narHash": "sha256-kb21+TPnl9b8R0cc/zZW75c7EorXFDME9Ti6X8hdisw=",
        "owner": "NixOS",
        "repo": "nixpkgs",
        "rev": "502d2808e00e40f6fb0d43fd88d8fd9e0ace290b",
        "type": "github"
      },
      "original": {
        "owner": "NixOS",
        "repo": "nixpkgs",
        "type": "github"
      }
    },
    "root": {
      "inputs": {
        "nixpkgs": "nixpkgs"
      }
    }
  },
  "root": "root",
  "version": 7
}
